// !$*UTF8*$!
{
	archiveVersion = 1;
	classes = {
	};
	objectVersion = 46;
	objects = {

/* Begin PBXBuildFile section */
		6370E91F1AD4726F0053BE6D /* main.m in Sources */ = {isa = PBXBuildFile; fileRef = 6370E91E1AD4726F0053BE6D /* main.m */; };
		6370E9221AD4726F0053BE6D /* AppDelegate.m in Sources */ = {isa = PBXBuildFile; fileRef = 6370E9211AD4726F0053BE6D /* AppDelegate.m */; };
		6370E9251AD4726F0053BE6D /* iSoothe.xcdatamodeld in Sources */ = {isa = PBXBuildFile; fileRef = 6370E9231AD4726F0053BE6D /* iSoothe.xcdatamodeld */; };
		6370E92B1AD4726F0053BE6D /* Main.storyboard in Resources */ = {isa = PBXBuildFile; fileRef = 6370E9291AD4726F0053BE6D /* Main.storyboard */; };
		6370E92D1AD4726F0053BE6D /* Images.xcassets in Resources */ = {isa = PBXBuildFile; fileRef = 6370E92C1AD4726F0053BE6D /* Images.xcassets */; };
		6370E9301AD4726F0053BE6D /* LaunchScreen.xib in Resources */ = {isa = PBXBuildFile; fileRef = 6370E92E1AD4726F0053BE6D /* LaunchScreen.xib */; };
		6370E93C1AD4726F0053BE6D /* iSootheTests.m in Sources */ = {isa = PBXBuildFile; fileRef = 6370E93B1AD4726F0053BE6D /* iSootheTests.m */; };
		6370E9481AD477100053BE6D /* Exercises.m in Sources */ = {isa = PBXBuildFile; fileRef = 6370E9471AD477100053BE6D /* Exercises.m */; };
		6370E94B1AD477110053BE6D /* Journal.m in Sources */ = {isa = PBXBuildFile; fileRef = 6370E94A1AD477110053BE6D /* Journal.m */; };
		6370E94E1AD477110053BE6D /* ButtonActivations.m in Sources */ = {isa = PBXBuildFile; fileRef = 6370E94D1AD477110053BE6D /* ButtonActivations.m */; };
		6370E9511AD477110053BE6D /* Quotes.m in Sources */ = {isa = PBXBuildFile; fileRef = 6370E9501AD477110053BE6D /* Quotes.m */; };
		6370E9541AD477110053BE6D /* Therapist.m in Sources */ = {isa = PBXBuildFile; fileRef = 6370E9531AD477110053BE6D /* Therapist.m */; };
		6370E9571AD477110053BE6D /* Patient.m in Sources */ = {isa = PBXBuildFile; fileRef = 6370E9561AD477110053BE6D /* Patient.m */; };
		6370E95A1AD477110053BE6D /* Activities.m in Sources */ = {isa = PBXBuildFile; fileRef = 6370E9591AD477110053BE6D /* Activities.m */; };
		6370E95D1AD479730053BE6D /* UIView+Toast.m in Sources */ = {isa = PBXBuildFile; fileRef = 6370E95C1AD479730053BE6D /* UIView+Toast.m */; };
		6370E9611AD4799E0053BE6D /* LoginViewController.m in Sources */ = {isa = PBXBuildFile; fileRef = 6370E9601AD4799E0053BE6D /* LoginViewController.m */; };
		6370E9651AD479BF0053BE6D /* Reachability.m in Sources */ = {isa = PBXBuildFile; fileRef = 6370E9641AD479BF0053BE6D /* Reachability.m */; };
		6370E9691AD479F30053BE6D /* BackEndComunicator.m in Sources */ = {isa = PBXBuildFile; fileRef = 6370E9681AD479F30053BE6D /* BackEndComunicator.m */; };
		6370E96D1AD47A360053BE6D /* RatingViewController.m in Sources */ = {isa = PBXBuildFile; fileRef = 6370E96C1AD47A360053BE6D /* RatingViewController.m */; };
		6370E9751AD47A790053BE6D /* ExerciseTableViewController.m in Sources */ = {isa = PBXBuildFile; fileRef = 6370E9701AD47A790053BE6D /* ExerciseTableViewController.m */; };
		6370E9761AD47A790053BE6D /* ExerciseTableViewCell.m in Sources */ = {isa = PBXBuildFile; fileRef = 6370E9721AD47A790053BE6D /* ExerciseTableViewCell.m */; };
		6370E9771AD47A790053BE6D /* ExerciseViewController.m in Sources */ = {isa = PBXBuildFile; fileRef = 6370E9741AD47A790053BE6D /* ExerciseViewController.m */; };
		6370E9801AD47AAB0053BE6D /* OpenEntriesViewController.m in Sources */ = {isa = PBXBuildFile; fileRef = 6370E97A1AD47AAB0053BE6D /* OpenEntriesViewController.m */; };
		6370E9811AD47AAB0053BE6D /* JournalViewController.m in Sources */ = {isa = PBXBuildFile; fileRef = 6370E97C1AD47AAB0053BE6D /* JournalViewController.m */; };
		6370E9821AD47AAB0053BE6D /* OpenEntriesTableViewCell.m in Sources */ = {isa = PBXBuildFile; fileRef = 6370E97E1AD47AAB0053BE6D /* OpenEntriesTableViewCell.m */; };
		6370E9881AD47B1C0053BE6D /* MusicViewController.m in Sources */ = {isa = PBXBuildFile; fileRef = 6370E9851AD47B1C0053BE6D /* MusicViewController.m */; };
		6370E9891AD47B1C0053BE6D /* MusicTableViewCell.m in Sources */ = {isa = PBXBuildFile; fileRef = 6370E9871AD47B1C0053BE6D /* MusicTableViewCell.m */; };
		6370E98F1AD47B3F0053BE6D /* RNActivityView.m in Sources */ = {isa = PBXBuildFile; fileRef = 6370E98C1AD47B3F0053BE6D /* RNActivityView.m */; };
		6370E9901AD47B3F0053BE6D /* UIView+RNActivityView.m in Sources */ = {isa = PBXBuildFile; fileRef = 6370E98E1AD47B3F0053BE6D /* UIView+RNActivityView.m */; };
		6370E9961AD47B670053BE6D /* SettingsViewController.m in Sources */ = {isa = PBXBuildFile; fileRef = 6370E9931AD47B670053BE6D /* SettingsViewController.m */; };
		6370E9971AD47B670053BE6D /* DrawingViewController.m in Sources */ = {isa = PBXBuildFile; fileRef = 6370E9951AD47B670053BE6D /* DrawingViewController.m */; };
		6370E99B1AD47BA50053BE6D /* ReadingViewController.m in Sources */ = {isa = PBXBuildFile; fileRef = 6370E99A1AD47BA50053BE6D /* ReadingViewController.m */; };
		6370E99F1AD47BDA0053BE6D /* HomeViewController.m in Sources */ = {isa = PBXBuildFile; fileRef = 6370E99E1AD47BDA0053BE6D /* HomeViewController.m */; };
		6370E9B51AD47BFF0053BE6D /* doubleMusicNote.png in Resources */ = {isa = PBXBuildFile; fileRef = 6370E9A11AD47BFF0053BE6D /* doubleMusicNote.png */; };
		6370E9B61AD47BFF0053BE6D /* leglifts1.jpg in Resources */ = {isa = PBXBuildFile; fileRef = 6370E9A21AD47BFF0053BE6D /* leglifts1.jpg */; };
		6370E9B71AD47BFF0053BE6D /* backlifts3.jpg in Resources */ = {isa = PBXBuildFile; fileRef = 6370E9A31AD47BFF0053BE6D /* backlifts3.jpg */; };
		6370E9B81AD47BFF0053BE6D /* leglifts2.jpg in Resources */ = {isa = PBXBuildFile; fileRef = 6370E9A41AD47BFF0053BE6D /* leglifts2.jpg */; };
		6370E9B91AD47BFF0053BE6D /* plank.jpg in Resources */ = {isa = PBXBuildFile; fileRef = 6370E9A51AD47BFF0053BE6D /* plank.jpg */; };
		6370E9BA1AD47BFF0053BE6D /* backlifts1.jpg in Resources */ = {isa = PBXBuildFile; fileRef = 6370E9A61AD47BFF0053BE6D /* backlifts1.jpg */; };
		6370E9BB1AD47BFF0053BE6D /* backlifts2.jpg in Resources */ = {isa = PBXBuildFile; fileRef = 6370E9A71AD47BFF0053BE6D /* backlifts2.jpg */; };
		6370E9BC1AD47BFF0053BE6D /* leglifts3.jpg in Resources */ = {isa = PBXBuildFile; fileRef = 6370E9A81AD47BFF0053BE6D /* leglifts3.jpg */; };
		6370E9BD1AD47BFF0053BE6D /* crunches3.jpg in Resources */ = {isa = PBXBuildFile; fileRef = 6370E9A91AD47BFF0053BE6D /* crunches3.jpg */; };
		6370E9BE1AD47BFF0053BE6D /* crunches2.jpg in Resources */ = {isa = PBXBuildFile; fileRef = 6370E9AA1AD47BFF0053BE6D /* crunches2.jpg */; };
		6370E9BF1AD47BFF0053BE6D /* crunches1.jpg in Resources */ = {isa = PBXBuildFile; fileRef = 6370E9AB1AD47BFF0053BE6D /* crunches1.jpg */; };
		6370E9C01AD47BFF0053BE6D /* sideplank.jpg in Resources */ = {isa = PBXBuildFile; fileRef = 6370E9AC1AD47BFF0053BE6D /* sideplank.jpg */; };
		6370E9C11AD47BFF0053BE6D /* fastforward.png in Resources */ = {isa = PBXBuildFile; fileRef = 6370E9AD1AD47BFF0053BE6D /* fastforward.png */; };
		6370E9C21AD47BFF0053BE6D /* thermometer.png in Resources */ = {isa = PBXBuildFile; fileRef = 6370E9AE1AD47BFF0053BE6D /* thermometer.png */; };
		6370E9C31AD47BFF0053BE6D /* play.png in Resources */ = {isa = PBXBuildFile; fileRef = 6370E9AF1AD47BFF0053BE6D /* play.png */; };
		6370E9C41AD47BFF0053BE6D /* pause.png in Resources */ = {isa = PBXBuildFile; fileRef = 6370E9B01AD47BFF0053BE6D /* pause.png */; };
		6370E9C51AD47BFF0053BE6D /* rewind.png in Resources */ = {isa = PBXBuildFile; fileRef = 6370E9B11AD47BFF0053BE6D /* rewind.png */; };
		6370E9C61AD47BFF0053BE6D /* morning.jpg in Resources */ = {isa = PBXBuildFile; fileRef = 6370E9B21AD47BFF0053BE6D /* morning.jpg */; };
		6370E9C71AD47BFF0053BE6D /* afternoon.jpg in Resources */ = {isa = PBXBuildFile; fileRef = 6370E9B31AD47BFF0053BE6D /* afternoon.jpg */; };
		6370E9C81AD47BFF0053BE6D /* evening.jpg in Resources */ = {isa = PBXBuildFile; fileRef = 6370E9B41AD47BFF0053BE6D /* evening.jpg */; };
		6370E9CC1AD47C5A0053BE6D /* CoreData.framework in Frameworks */ = {isa = PBXBuildFile; fileRef = 6370E9CB1AD47C5A0053BE6D /* CoreData.framework */; };
		6370E9CE1AD47C6E0053BE6D /* Foundation.framework in Frameworks */ = {isa = PBXBuildFile; fileRef = 6370E9CD1AD47C6E0053BE6D /* Foundation.framework */; };
		6370E9D01AD47C790053BE6D /* UIKit.framework in Frameworks */ = {isa = PBXBuildFile; fileRef = 6370E9CF1AD47C790053BE6D /* UIKit.framework */; };
		6370E9D21AD47C850053BE6D /* SystemConfiguration.framework in Frameworks */ = {isa = PBXBuildFile; fileRef = 6370E9D11AD47C850053BE6D /* SystemConfiguration.framework */; };
		6370E9D41AD47C910053BE6D /* MediaPlayer.framework in Frameworks */ = {isa = PBXBuildFile; fileRef = 6370E9D31AD47C910053BE6D /* MediaPlayer.framework */; };
/* End PBXBuildFile section */

/* Begin PBXContainerItemProxy section */
		6370E9361AD4726F0053BE6D /* PBXContainerItemProxy */ = {
			isa = PBXContainerItemProxy;
			containerPortal = 6370E9111AD4726F0053BE6D /* Project object */;
			proxyType = 1;
			remoteGlobalIDString = 6370E9181AD4726F0053BE6D;
			remoteInfo = iSoothe;
		};
/* End PBXContainerItemProxy section */

/* Begin PBXFileReference section */
		6370E9191AD4726F0053BE6D /* iSoothe.app */ = {isa = PBXFileReference; explicitFileType = wrapper.application; includeInIndex = 0; path = iSoothe.app; sourceTree = BUILT_PRODUCTS_DIR; };
		6370E91D1AD4726F0053BE6D /* Info.plist */ = {isa = PBXFileReference; lastKnownFileType = text.plist.xml; path = Info.plist; sourceTree = "<group>"; };
		6370E91E1AD4726F0053BE6D /* main.m */ = {isa = PBXFileReference; lastKnownFileType = sourcecode.c.objc; path = main.m; sourceTree = "<group>"; };
		6370E9201AD4726F0053BE6D /* AppDelegate.h */ = {isa = PBXFileReference; lastKnownFileType = sourcecode.c.h; path = AppDelegate.h; sourceTree = "<group>"; };
		6370E9211AD4726F0053BE6D /* AppDelegate.m */ = {isa = PBXFileReference; lastKnownFileType = sourcecode.c.objc; path = AppDelegate.m; sourceTree = "<group>"; };
		6370E9241AD4726F0053BE6D /* iSoothe.xcdatamodel */ = {isa = PBXFileReference; lastKnownFileType = wrapper.xcdatamodel; path = iSoothe.xcdatamodel; sourceTree = "<group>"; };
		6370E92A1AD4726F0053BE6D /* Base */ = {isa = PBXFileReference; lastKnownFileType = file.storyboard; name = Base; path = Base.lproj/Main.storyboard; sourceTree = "<group>"; };
		6370E92C1AD4726F0053BE6D /* Images.xcassets */ = {isa = PBXFileReference; lastKnownFileType = folder.assetcatalog; name = Images.xcassets; path = iSoothe/Images.xcassets; sourceTree = "<group>"; };
		6370E92F1AD4726F0053BE6D /* Base */ = {isa = PBXFileReference; lastKnownFileType = file.xib; name = Base; path = Base.lproj/LaunchScreen.xib; sourceTree = "<group>"; };
		6370E9351AD4726F0053BE6D /* iSootheTests.xctest */ = {isa = PBXFileReference; explicitFileType = wrapper.cfbundle; includeInIndex = 0; path = iSootheTests.xctest; sourceTree = BUILT_PRODUCTS_DIR; };
		6370E93A1AD4726F0053BE6D /* Info.plist */ = {isa = PBXFileReference; lastKnownFileType = text.plist.xml; path = Info.plist; sourceTree = "<group>"; };
		6370E93B1AD4726F0053BE6D /* iSootheTests.m */ = {isa = PBXFileReference; lastKnownFileType = sourcecode.c.objc; path = iSootheTests.m; sourceTree = "<group>"; };
		6370E9461AD477100053BE6D /* Exercises.h */ = {isa = PBXFileReference; fileEncoding = 4; lastKnownFileType = sourcecode.c.h; path = Exercises.h; sourceTree = "<group>"; };
		6370E9471AD477100053BE6D /* Exercises.m */ = {isa = PBXFileReference; fileEncoding = 4; lastKnownFileType = sourcecode.c.objc; path = Exercises.m; sourceTree = "<group>"; };
		6370E9491AD477110053BE6D /* Journal.h */ = {isa = PBXFileReference; fileEncoding = 4; lastKnownFileType = sourcecode.c.h; path = Journal.h; sourceTree = "<group>"; };
		6370E94A1AD477110053BE6D /* Journal.m */ = {isa = PBXFileReference; fileEncoding = 4; lastKnownFileType = sourcecode.c.objc; path = Journal.m; sourceTree = "<group>"; };
		6370E94C1AD477110053BE6D /* ButtonActivations.h */ = {isa = PBXFileReference; fileEncoding = 4; lastKnownFileType = sourcecode.c.h; path = ButtonActivations.h; sourceTree = "<group>"; };
		6370E94D1AD477110053BE6D /* ButtonActivations.m */ = {isa = PBXFileReference; fileEncoding = 4; lastKnownFileType = sourcecode.c.objc; path = ButtonActivations.m; sourceTree = "<group>"; };
		6370E94F1AD477110053BE6D /* Quotes.h */ = {isa = PBXFileReference; fileEncoding = 4; lastKnownFileType = sourcecode.c.h; path = Quotes.h; sourceTree = "<group>"; };
		6370E9501AD477110053BE6D /* Quotes.m */ = {isa = PBXFileReference; fileEncoding = 4; lastKnownFileType = sourcecode.c.objc; path = Quotes.m; sourceTree = "<group>"; };
		6370E9521AD477110053BE6D /* Therapist.h */ = {isa = PBXFileReference; fileEncoding = 4; lastKnownFileType = sourcecode.c.h; path = Therapist.h; sourceTree = "<group>"; };
		6370E9531AD477110053BE6D /* Therapist.m */ = {isa = PBXFileReference; fileEncoding = 4; lastKnownFileType = sourcecode.c.objc; path = Therapist.m; sourceTree = "<group>"; };
		6370E9551AD477110053BE6D /* Patient.h */ = {isa = PBXFileReference; fileEncoding = 4; lastKnownFileType = sourcecode.c.h; path = Patient.h; sourceTree = "<group>"; };
		6370E9561AD477110053BE6D /* Patient.m */ = {isa = PBXFileReference; fileEncoding = 4; lastKnownFileType = sourcecode.c.objc; path = Patient.m; sourceTree = "<group>"; };
		6370E9581AD477110053BE6D /* Activities.h */ = {isa = PBXFileReference; fileEncoding = 4; lastKnownFileType = sourcecode.c.h; path = Activities.h; sourceTree = "<group>"; };
		6370E9591AD477110053BE6D /* Activities.m */ = {isa = PBXFileReference; fileEncoding = 4; lastKnownFileType = sourcecode.c.objc; path = Activities.m; sourceTree = "<group>"; };
		6370E95B1AD479730053BE6D /* UIView+Toast.h */ = {isa = PBXFileReference; fileEncoding = 4; lastKnownFileType = sourcecode.c.h; path = "UIView+Toast.h"; sourceTree = "<group>"; };
		6370E95C1AD479730053BE6D /* UIView+Toast.m */ = {isa = PBXFileReference; fileEncoding = 4; lastKnownFileType = sourcecode.c.objc; path = "UIView+Toast.m"; sourceTree = "<group>"; };
		6370E95F1AD4799E0053BE6D /* LoginViewController.h */ = {isa = PBXFileReference; fileEncoding = 4; lastKnownFileType = sourcecode.c.h; path = LoginViewController.h; sourceTree = "<group>"; };
		6370E9601AD4799E0053BE6D /* LoginViewController.m */ = {isa = PBXFileReference; fileEncoding = 4; lastKnownFileType = sourcecode.c.objc; path = LoginViewController.m; sourceTree = "<group>"; };
		6370E9631AD479BF0053BE6D /* Reachability.h */ = {isa = PBXFileReference; fileEncoding = 4; lastKnownFileType = sourcecode.c.h; path = Reachability.h; sourceTree = "<group>"; };
		6370E9641AD479BF0053BE6D /* Reachability.m */ = {isa = PBXFileReference; fileEncoding = 4; lastKnownFileType = sourcecode.c.objc; path = Reachability.m; sourceTree = "<group>"; };
		6370E9671AD479F30053BE6D /* BackEndComunicator.h */ = {isa = PBXFileReference; fileEncoding = 4; lastKnownFileType = sourcecode.c.h; path = BackEndComunicator.h; sourceTree = "<group>"; };
		6370E9681AD479F30053BE6D /* BackEndComunicator.m */ = {isa = PBXFileReference; fileEncoding = 4; lastKnownFileType = sourcecode.c.objc; path = BackEndComunicator.m; sourceTree = "<group>"; };
		6370E96B1AD47A360053BE6D /* RatingViewController.h */ = {isa = PBXFileReference; fileEncoding = 4; lastKnownFileType = sourcecode.c.h; path = RatingViewController.h; sourceTree = "<group>"; };
		6370E96C1AD47A360053BE6D /* RatingViewController.m */ = {isa = PBXFileReference; fileEncoding = 4; lastKnownFileType = sourcecode.c.objc; path = RatingViewController.m; sourceTree = "<group>"; };
		6370E96F1AD47A790053BE6D /* ExerciseTableViewController.h */ = {isa = PBXFileReference; fileEncoding = 4; lastKnownFileType = sourcecode.c.h; path = ExerciseTableViewController.h; sourceTree = "<group>"; };
		6370E9701AD47A790053BE6D /* ExerciseTableViewController.m */ = {isa = PBXFileReference; fileEncoding = 4; lastKnownFileType = sourcecode.c.objc; path = ExerciseTableViewController.m; sourceTree = "<group>"; };
		6370E9711AD47A790053BE6D /* ExerciseTableViewCell.h */ = {isa = PBXFileReference; fileEncoding = 4; lastKnownFileType = sourcecode.c.h; path = ExerciseTableViewCell.h; sourceTree = "<group>"; };
		6370E9721AD47A790053BE6D /* ExerciseTableViewCell.m */ = {isa = PBXFileReference; fileEncoding = 4; lastKnownFileType = sourcecode.c.objc; path = ExerciseTableViewCell.m; sourceTree = "<group>"; };
		6370E9731AD47A790053BE6D /* ExerciseViewController.h */ = {isa = PBXFileReference; fileEncoding = 4; lastKnownFileType = sourcecode.c.h; path = ExerciseViewController.h; sourceTree = "<group>"; };
		6370E9741AD47A790053BE6D /* ExerciseViewController.m */ = {isa = PBXFileReference; fileEncoding = 4; lastKnownFileType = sourcecode.c.objc; path = ExerciseViewController.m; sourceTree = "<group>"; };
		6370E9791AD47AAB0053BE6D /* OpenEntriesViewController.h */ = {isa = PBXFileReference; fileEncoding = 4; lastKnownFileType = sourcecode.c.h; path = OpenEntriesViewController.h; sourceTree = "<group>"; };
		6370E97A1AD47AAB0053BE6D /* OpenEntriesViewController.m */ = {isa = PBXFileReference; fileEncoding = 4; lastKnownFileType = sourcecode.c.objc; path = OpenEntriesViewController.m; sourceTree = "<group>"; };
		6370E97B1AD47AAB0053BE6D /* JournalViewController.h */ = {isa = PBXFileReference; fileEncoding = 4; lastKnownFileType = sourcecode.c.h; path = JournalViewController.h; sourceTree = "<group>"; };
		6370E97C1AD47AAB0053BE6D /* JournalViewController.m */ = {isa = PBXFileReference; fileEncoding = 4; lastKnownFileType = sourcecode.c.objc; path = JournalViewController.m; sourceTree = "<group>"; };
		6370E97D1AD47AAB0053BE6D /* OpenEntriesTableViewCell.h */ = {isa = PBXFileReference; fileEncoding = 4; lastKnownFileType = sourcecode.c.h; path = OpenEntriesTableViewCell.h; sourceTree = "<group>"; };
		6370E97E1AD47AAB0053BE6D /* OpenEntriesTableViewCell.m */ = {isa = PBXFileReference; fileEncoding = 4; lastKnownFileType = sourcecode.c.objc; path = OpenEntriesTableViewCell.m; sourceTree = "<group>"; };
		6370E97F1AD47AAB0053BE6D /* OpenEntriesViewControllerDelegate.h */ = {isa = PBXFileReference; fileEncoding = 4; lastKnownFileType = sourcecode.c.h; path = OpenEntriesViewControllerDelegate.h; sourceTree = "<group>"; };
		6370E9841AD47B1C0053BE6D /* MusicViewController.h */ = {isa = PBXFileReference; fileEncoding = 4; lastKnownFileType = sourcecode.c.h; path = MusicViewController.h; sourceTree = "<group>"; };
		6370E9851AD47B1C0053BE6D /* MusicViewController.m */ = {isa = PBXFileReference; fileEncoding = 4; lastKnownFileType = sourcecode.c.objc; path = MusicViewController.m; sourceTree = "<group>"; };
		6370E9861AD47B1C0053BE6D /* MusicTableViewCell.h */ = {isa = PBXFileReference; fileEncoding = 4; lastKnownFileType = sourcecode.c.h; path = MusicTableViewCell.h; sourceTree = "<group>"; };
		6370E9871AD47B1C0053BE6D /* MusicTableViewCell.m */ = {isa = PBXFileReference; fileEncoding = 4; lastKnownFileType = sourcecode.c.objc; path = MusicTableViewCell.m; sourceTree = "<group>"; };
		6370E98B1AD47B3F0053BE6D /* RNActivityView.h */ = {isa = PBXFileReference; fileEncoding = 4; lastKnownFileType = sourcecode.c.h; path = RNActivityView.h; sourceTree = "<group>"; };
		6370E98C1AD47B3F0053BE6D /* RNActivityView.m */ = {isa = PBXFileReference; fileEncoding = 4; lastKnownFileType = sourcecode.c.objc; path = RNActivityView.m; sourceTree = "<group>"; };
		6370E98D1AD47B3F0053BE6D /* UIView+RNActivityView.h */ = {isa = PBXFileReference; fileEncoding = 4; lastKnownFileType = sourcecode.c.h; path = "UIView+RNActivityView.h"; sourceTree = "<group>"; };
		6370E98E1AD47B3F0053BE6D /* UIView+RNActivityView.m */ = {isa = PBXFileReference; fileEncoding = 4; lastKnownFileType = sourcecode.c.objc; path = "UIView+RNActivityView.m"; sourceTree = "<group>"; };
		6370E9921AD47B670053BE6D /* SettingsViewController.h */ = {isa = PBXFileReference; fileEncoding = 4; lastKnownFileType = sourcecode.c.h; path = SettingsViewController.h; sourceTree = "<group>"; };
		6370E9931AD47B670053BE6D /* SettingsViewController.m */ = {isa = PBXFileReference; fileEncoding = 4; lastKnownFileType = sourcecode.c.objc; path = SettingsViewController.m; sourceTree = "<group>"; };
		6370E9941AD47B670053BE6D /* DrawingViewController.h */ = {isa = PBXFileReference; fileEncoding = 4; lastKnownFileType = sourcecode.c.h; path = DrawingViewController.h; sourceTree = "<group>"; };
		6370E9951AD47B670053BE6D /* DrawingViewController.m */ = {isa = PBXFileReference; fileEncoding = 4; lastKnownFileType = sourcecode.c.objc; path = DrawingViewController.m; sourceTree = "<group>"; };
		6370E9991AD47BA50053BE6D /* ReadingViewController.h */ = {isa = PBXFileReference; fileEncoding = 4; lastKnownFileType = sourcecode.c.h; path = ReadingViewController.h; sourceTree = "<group>"; };
		6370E99A1AD47BA50053BE6D /* ReadingViewController.m */ = {isa = PBXFileReference; fileEncoding = 4; lastKnownFileType = sourcecode.c.objc; path = ReadingViewController.m; sourceTree = "<group>"; };
		6370E99D1AD47BDA0053BE6D /* HomeViewController.h */ = {isa = PBXFileReference; fileEncoding = 4; lastKnownFileType = sourcecode.c.h; path = HomeViewController.h; sourceTree = "<group>"; };
		6370E99E1AD47BDA0053BE6D /* HomeViewController.m */ = {isa = PBXFileReference; fileEncoding = 4; lastKnownFileType = sourcecode.c.objc; path = HomeViewController.m; sourceTree = "<group>"; };
		6370E9A11AD47BFF0053BE6D /* doubleMusicNote.png */ = {isa = PBXFileReference; lastKnownFileType = image.png; path = doubleMusicNote.png; sourceTree = "<group>"; };
		6370E9A21AD47BFF0053BE6D /* leglifts1.jpg */ = {isa = PBXFileReference; lastKnownFileType = image.jpeg; path = leglifts1.jpg; sourceTree = "<group>"; };
		6370E9A31AD47BFF0053BE6D /* backlifts3.jpg */ = {isa = PBXFileReference; lastKnownFileType = image.jpeg; path = backlifts3.jpg; sourceTree = "<group>"; };
		6370E9A41AD47BFF0053BE6D /* leglifts2.jpg */ = {isa = PBXFileReference; lastKnownFileType = image.jpeg; path = leglifts2.jpg; sourceTree = "<group>"; };
		6370E9A51AD47BFF0053BE6D /* plank.jpg */ = {isa = PBXFileReference; lastKnownFileType = image.jpeg; path = plank.jpg; sourceTree = "<group>"; };
		6370E9A61AD47BFF0053BE6D /* backlifts1.jpg */ = {isa = PBXFileReference; lastKnownFileType = image.jpeg; path = backlifts1.jpg; sourceTree = "<group>"; };
		6370E9A71AD47BFF0053BE6D /* backlifts2.jpg */ = {isa = PBXFileReference; lastKnownFileType = image.jpeg; path = backlifts2.jpg; sourceTree = "<group>"; };
		6370E9A81AD47BFF0053BE6D /* leglifts3.jpg */ = {isa = PBXFileReference; lastKnownFileType = image.jpeg; path = leglifts3.jpg; sourceTree = "<group>"; };
		6370E9A91AD47BFF0053BE6D /* crunches3.jpg */ = {isa = PBXFileReference; lastKnownFileType = image.jpeg; path = crunches3.jpg; sourceTree = "<group>"; };
		6370E9AA1AD47BFF0053BE6D /* crunches2.jpg */ = {isa = PBXFileReference; lastKnownFileType = image.jpeg; path = crunches2.jpg; sourceTree = "<group>"; };
		6370E9AB1AD47BFF0053BE6D /* crunches1.jpg */ = {isa = PBXFileReference; lastKnownFileType = image.jpeg; path = crunches1.jpg; sourceTree = "<group>"; };
		6370E9AC1AD47BFF0053BE6D /* sideplank.jpg */ = {isa = PBXFileReference; lastKnownFileType = image.jpeg; path = sideplank.jpg; sourceTree = "<group>"; };
		6370E9AD1AD47BFF0053BE6D /* fastforward.png */ = {isa = PBXFileReference; lastKnownFileType = image.png; path = fastforward.png; sourceTree = "<group>"; };
		6370E9AE1AD47BFF0053BE6D /* thermometer.png */ = {isa = PBXFileReference; lastKnownFileType = image.png; path = thermometer.png; sourceTree = "<group>"; };
		6370E9AF1AD47BFF0053BE6D /* play.png */ = {isa = PBXFileReference; lastKnownFileType = image.png; path = play.png; sourceTree = "<group>"; };
		6370E9B01AD47BFF0053BE6D /* pause.png */ = {isa = PBXFileReference; lastKnownFileType = image.png; path = pause.png; sourceTree = "<group>"; };
		6370E9B11AD47BFF0053BE6D /* rewind.png */ = {isa = PBXFileReference; lastKnownFileType = image.png; path = rewind.png; sourceTree = "<group>"; };
		6370E9B21AD47BFF0053BE6D /* morning.jpg */ = {isa = PBXFileReference; lastKnownFileType = image.jpeg; path = morning.jpg; sourceTree = "<group>"; };
		6370E9B31AD47BFF0053BE6D /* afternoon.jpg */ = {isa = PBXFileReference; lastKnownFileType = image.jpeg; path = afternoon.jpg; sourceTree = "<group>"; };
		6370E9B41AD47BFF0053BE6D /* evening.jpg */ = {isa = PBXFileReference; lastKnownFileType = image.jpeg; path = evening.jpg; sourceTree = "<group>"; };
		6370E9CB1AD47C5A0053BE6D /* CoreData.framework */ = {isa = PBXFileReference; lastKnownFileType = wrapper.framework; name = CoreData.framework; path = System/Library/Frameworks/CoreData.framework; sourceTree = SDKROOT; };
		6370E9CD1AD47C6E0053BE6D /* Foundation.framework */ = {isa = PBXFileReference; lastKnownFileType = wrapper.framework; name = Foundation.framework; path = System/Library/Frameworks/Foundation.framework; sourceTree = SDKROOT; };
		6370E9CF1AD47C790053BE6D /* UIKit.framework */ = {isa = PBXFileReference; lastKnownFileType = wrapper.framework; name = UIKit.framework; path = System/Library/Frameworks/UIKit.framework; sourceTree = SDKROOT; };
		6370E9D11AD47C850053BE6D /* SystemConfiguration.framework */ = {isa = PBXFileReference; lastKnownFileType = wrapper.framework; name = SystemConfiguration.framework; path = System/Library/Frameworks/SystemConfiguration.framework; sourceTree = SDKROOT; };
		6370E9D31AD47C910053BE6D /* MediaPlayer.framework */ = {isa = PBXFileReference; lastKnownFileType = wrapper.framework; name = MediaPlayer.framework; path = System/Library/Frameworks/MediaPlayer.framework; sourceTree = SDKROOT; };
/* End PBXFileReference section */

/* Begin PBXFrameworksBuildPhase section */
		6370E9161AD4726F0053BE6D /* Frameworks */ = {
			isa = PBXFrameworksBuildPhase;
			buildActionMask = 2147483647;
			files = (
				6370E9D41AD47C910053BE6D /* MediaPlayer.framework in Frameworks */,
				6370E9D21AD47C850053BE6D /* SystemConfiguration.framework in Frameworks */,
				6370E9D01AD47C790053BE6D /* UIKit.framework in Frameworks */,
				6370E9CE1AD47C6E0053BE6D /* Foundation.framework in Frameworks */,
				6370E9CC1AD47C5A0053BE6D /* CoreData.framework in Frameworks */,
			);
			runOnlyForDeploymentPostprocessing = 0;
		};
		6370E9321AD4726F0053BE6D /* Frameworks */ = {
			isa = PBXFrameworksBuildPhase;
			buildActionMask = 2147483647;
			files = (
			);
			runOnlyForDeploymentPostprocessing = 0;
		};
/* End PBXFrameworksBuildPhase section */

/* Begin PBXGroup section */
		6370E9101AD4726F0053BE6D = {
			isa = PBXGroup;
			children = (
				6370E92E1AD4726F0053BE6D /* LaunchScreen.xib */,
				6370E9291AD4726F0053BE6D /* Main.storyboard */,
				6370E9231AD4726F0053BE6D /* iSoothe.xcdatamodeld */,
				6370E92C1AD4726F0053BE6D /* Images.xcassets */,
				6370E91B1AD4726F0053BE6D /* iSoothe */,
				6370E9CA1AD47C270053BE6D /* Framworks */,
				6370E9381AD4726F0053BE6D /* iSootheTests */,
				6370E91A1AD4726F0053BE6D /* Products */,
			);
			sourceTree = "<group>";
		};
		6370E91A1AD4726F0053BE6D /* Products */ = {
			isa = PBXGroup;
			children = (
				6370E9191AD4726F0053BE6D /* iSoothe.app */,
				6370E9351AD4726F0053BE6D /* iSootheTests.xctest */,
			);
			name = Products;
			sourceTree = "<group>";
		};
		6370E91B1AD4726F0053BE6D /* iSoothe */ = {
			isa = PBXGroup;
			children = (
				6370E9201AD4726F0053BE6D /* AppDelegate.h */,
				6370E9211AD4726F0053BE6D /* AppDelegate.m */,
				6370E9A01AD47BDD0053BE6D /* MainControllers */,
				6370E99C1AD47BB00053BE6D /* ReadingQuotesControllers */,
				6370E9981AD47B6B0053BE6D /* DrawingControllers */,
				6370E9911AD47B450053BE6D /* LoadingView */,
				6370E98A1AD47B230053BE6D /* MusicControllers */,
				6370E9831AD47AB20053BE6D /* WritingControllers */,
				6370E9781AD47A810053BE6D /* PhysicalActivityControllers */,
				6370E96E1AD47A3C0053BE6D /* RatingScreen */,
				6370E9621AD479A20053BE6D /* LoginControllers */,
				6370E96A1AD479F70053BE6D /* DBManagers */,
				6370E9451AD476E10053BE6D /* DBObjects */,
				6370E9661AD479C30053BE6D /* InternetManager */,
				6370E95E1AD479770053BE6D /* Toasts */,
				6370E9C91AD47C0A0053BE6D /* images */,
				6370E91C1AD4726F0053BE6D /* Supporting Files */,
			);
			path = iSoothe;
			sourceTree = "<group>";
		};
		6370E91C1AD4726F0053BE6D /* Supporting Files */ = {
			isa = PBXGroup;
			children = (
				6370E91D1AD4726F0053BE6D /* Info.plist */,
				6370E91E1AD4726F0053BE6D /* main.m */,
			);
			name = "Supporting Files";
			sourceTree = "<group>";
		};
		6370E9381AD4726F0053BE6D /* iSootheTests */ = {
			isa = PBXGroup;
			children = (
				6370E93B1AD4726F0053BE6D /* iSootheTests.m */,
				6370E9391AD4726F0053BE6D /* Supporting Files */,
			);
			path = iSootheTests;
			sourceTree = "<group>";
		};
		6370E9391AD4726F0053BE6D /* Supporting Files */ = {
			isa = PBXGroup;
			children = (
				6370E93A1AD4726F0053BE6D /* Info.plist */,
			);
			name = "Supporting Files";
			sourceTree = "<group>";
		};
		6370E9451AD476E10053BE6D /* DBObjects */ = {
			isa = PBXGroup;
			children = (
				6370E9581AD477110053BE6D /* Activities.h */,
				6370E9591AD477110053BE6D /* Activities.m */,
				6370E9551AD477110053BE6D /* Patient.h */,
				6370E9561AD477110053BE6D /* Patient.m */,
				6370E9521AD477110053BE6D /* Therapist.h */,
				6370E9531AD477110053BE6D /* Therapist.m */,
				6370E94F1AD477110053BE6D /* Quotes.h */,
				6370E9501AD477110053BE6D /* Quotes.m */,
				6370E94C1AD477110053BE6D /* ButtonActivations.h */,
				6370E94D1AD477110053BE6D /* ButtonActivations.m */,
				6370E9491AD477110053BE6D /* Journal.h */,
				6370E94A1AD477110053BE6D /* Journal.m */,
				6370E9461AD477100053BE6D /* Exercises.h */,
				6370E9471AD477100053BE6D /* Exercises.m */,
			);
			name = DBObjects;
			sourceTree = "<group>";
		};
		6370E95E1AD479770053BE6D /* Toasts */ = {
			isa = PBXGroup;
			children = (
				6370E95B1AD479730053BE6D /* UIView+Toast.h */,
				6370E95C1AD479730053BE6D /* UIView+Toast.m */,
			);
			name = Toasts;
			sourceTree = "<group>";
		};
		6370E9621AD479A20053BE6D /* LoginControllers */ = {
			isa = PBXGroup;
			children = (
				6370E95F1AD4799E0053BE6D /* LoginViewController.h */,
				6370E9601AD4799E0053BE6D /* LoginViewController.m */,
			);
			name = LoginControllers;
			sourceTree = "<group>";
		};
		6370E9661AD479C30053BE6D /* InternetManager */ = {
			isa = PBXGroup;
			children = (
				6370E9631AD479BF0053BE6D /* Reachability.h */,
				6370E9641AD479BF0053BE6D /* Reachability.m */,
			);
			name = InternetManager;
			sourceTree = "<group>";
		};
		6370E96A1AD479F70053BE6D /* DBManagers */ = {
			isa = PBXGroup;
			children = (
				6370E9671AD479F30053BE6D /* BackEndComunicator.h */,
				6370E9681AD479F30053BE6D /* BackEndComunicator.m */,
			);
			name = DBManagers;
			sourceTree = "<group>";
		};
		6370E96E1AD47A3C0053BE6D /* RatingScreen */ = {
			isa = PBXGroup;
			children = (
				6370E96B1AD47A360053BE6D /* RatingViewController.h */,
				6370E96C1AD47A360053BE6D /* RatingViewController.m */,
			);
			name = RatingScreen;
			sourceTree = "<group>";
		};
		6370E9781AD47A810053BE6D /* PhysicalActivityControllers */ = {
			isa = PBXGroup;
			children = (
				6370E96F1AD47A790053BE6D /* ExerciseTableViewController.h */,
				6370E9701AD47A790053BE6D /* ExerciseTableViewController.m */,
				6370E9711AD47A790053BE6D /* ExerciseTableViewCell.h */,
				6370E9721AD47A790053BE6D /* ExerciseTableViewCell.m */,
				6370E9731AD47A790053BE6D /* ExerciseViewController.h */,
				6370E9741AD47A790053BE6D /* ExerciseViewController.m */,
			);
			name = PhysicalActivityControllers;
			path = ..;
			sourceTree = "<group>";
		};
		6370E9831AD47AB20053BE6D /* WritingControllers */ = {
			isa = PBXGroup;
			children = (
				6370E9791AD47AAB0053BE6D /* OpenEntriesViewController.h */,
				6370E97A1AD47AAB0053BE6D /* OpenEntriesViewController.m */,
				6370E97B1AD47AAB0053BE6D /* JournalViewController.h */,
				6370E97C1AD47AAB0053BE6D /* JournalViewController.m */,
				6370E97D1AD47AAB0053BE6D /* OpenEntriesTableViewCell.h */,
				6370E97E1AD47AAB0053BE6D /* OpenEntriesTableViewCell.m */,
				6370E97F1AD47AAB0053BE6D /* OpenEntriesViewControllerDelegate.h */,
			);
			name = WritingControllers;
			path = ..;
			sourceTree = "<group>";
		};
		6370E98A1AD47B230053BE6D /* MusicControllers */ = {
			isa = PBXGroup;
			children = (
				6370E9841AD47B1C0053BE6D /* MusicViewController.h */,
				6370E9851AD47B1C0053BE6D /* MusicViewController.m */,
				6370E9861AD47B1C0053BE6D /* MusicTableViewCell.h */,
				6370E9871AD47B1C0053BE6D /* MusicTableViewCell.m */,
			);
			name = MusicControllers;
			sourceTree = "<group>";
		};
		6370E9911AD47B450053BE6D /* LoadingView */ = {
			isa = PBXGroup;
			children = (
				6370E98B1AD47B3F0053BE6D /* RNActivityView.h */,
				6370E98C1AD47B3F0053BE6D /* RNActivityView.m */,
				6370E98D1AD47B3F0053BE6D /* UIView+RNActivityView.h */,
				6370E98E1AD47B3F0053BE6D /* UIView+RNActivityView.m */,
			);
			name = LoadingView;
			sourceTree = "<group>";
		};
		6370E9981AD47B6B0053BE6D /* DrawingControllers */ = {
			isa = PBXGroup;
			children = (
				6370E9921AD47B670053BE6D /* SettingsViewController.h */,
				6370E9931AD47B670053BE6D /* SettingsViewController.m */,
				6370E9941AD47B670053BE6D /* DrawingViewController.h */,
				6370E9951AD47B670053BE6D /* DrawingViewController.m */,
			);
			name = DrawingControllers;
			sourceTree = "<group>";
		};
		6370E99C1AD47BB00053BE6D /* ReadingQuotesControllers */ = {
			isa = PBXGroup;
			children = (
				6370E9991AD47BA50053BE6D /* ReadingViewController.h */,
				6370E99A1AD47BA50053BE6D /* ReadingViewController.m */,
			);
			name = ReadingQuotesControllers;
			sourceTree = "<group>";
		};
		6370E9A01AD47BDD0053BE6D /* MainControllers */ = {
			isa = PBXGroup;
			children = (
				6370E99D1AD47BDA0053BE6D /* HomeViewController.h */,
				6370E99E1AD47BDA0053BE6D /* HomeViewController.m */,
			);
			name = MainControllers;
			sourceTree = "<group>";
		};
		6370E9C91AD47C0A0053BE6D /* images */ = {
			isa = PBXGroup;
			children = (
				6370E9A11AD47BFF0053BE6D /* doubleMusicNote.png */,
				6370E9A21AD47BFF0053BE6D /* leglifts1.jpg */,
				6370E9A31AD47BFF0053BE6D /* backlifts3.jpg */,
				6370E9A41AD47BFF0053BE6D /* leglifts2.jpg */,
				6370E9A51AD47BFF0053BE6D /* plank.jpg */,
				6370E9A61AD47BFF0053BE6D /* backlifts1.jpg */,
				6370E9A71AD47BFF0053BE6D /* backlifts2.jpg */,
				6370E9A81AD47BFF0053BE6D /* leglifts3.jpg */,
				6370E9A91AD47BFF0053BE6D /* crunches3.jpg */,
				6370E9AA1AD47BFF0053BE6D /* crunches2.jpg */,
				6370E9AB1AD47BFF0053BE6D /* crunches1.jpg */,
				6370E9AC1AD47BFF0053BE6D /* sideplank.jpg */,
				6370E9AD1AD47BFF0053BE6D /* fastforward.png */,
				6370E9AE1AD47BFF0053BE6D /* thermometer.png */,
				6370E9AF1AD47BFF0053BE6D /* play.png */,
				6370E9B01AD47BFF0053BE6D /* pause.png */,
				6370E9B11AD47BFF0053BE6D /* rewind.png */,
				6370E9B21AD47BFF0053BE6D /* morning.jpg */,
				6370E9B31AD47BFF0053BE6D /* afternoon.jpg */,
				6370E9B41AD47BFF0053BE6D /* evening.jpg */,
			);
			name = images;
			sourceTree = "<group>";
		};
		6370E9CA1AD47C270053BE6D /* Framworks */ = {
			isa = PBXGroup;
			children = (
				6370E9D31AD47C910053BE6D /* MediaPlayer.framework */,
				6370E9D11AD47C850053BE6D /* SystemConfiguration.framework */,
				6370E9CF1AD47C790053BE6D /* UIKit.framework */,
				6370E9CD1AD47C6E0053BE6D /* Foundation.framework */,
				6370E9CB1AD47C5A0053BE6D /* CoreData.framework */,
			);
			name = Framworks;
			sourceTree = "<group>";
		};
/* End PBXGroup section */

/* Begin PBXNativeTarget section */
		6370E9181AD4726F0053BE6D /* iSoothe */ = {
			isa = PBXNativeTarget;
			buildConfigurationList = 6370E93F1AD4726F0053BE6D /* Build configuration list for PBXNativeTarget "iSoothe" */;
			buildPhases = (
				6370E9151AD4726F0053BE6D /* Sources */,
				6370E9161AD4726F0053BE6D /* Frameworks */,
				6370E9171AD4726F0053BE6D /* Resources */,
			);
			buildRules = (
			);
			dependencies = (
			);
			name = iSoothe;
			productName = iSoothe;
			productReference = 6370E9191AD4726F0053BE6D /* iSoothe.app */;
			productType = "com.apple.product-type.application";
		};
		6370E9341AD4726F0053BE6D /* iSootheTests */ = {
			isa = PBXNativeTarget;
			buildConfigurationList = 6370E9421AD4726F0053BE6D /* Build configuration list for PBXNativeTarget "iSootheTests" */;
			buildPhases = (
				6370E9311AD4726F0053BE6D /* Sources */,
				6370E9321AD4726F0053BE6D /* Frameworks */,
				6370E9331AD4726F0053BE6D /* Resources */,
			);
			buildRules = (
			);
			dependencies = (
				6370E9371AD4726F0053BE6D /* PBXTargetDependency */,
			);
			name = iSootheTests;
			productName = iSootheTests;
			productReference = 6370E9351AD4726F0053BE6D /* iSootheTests.xctest */;
			productType = "com.apple.product-type.bundle.unit-test";
		};
/* End PBXNativeTarget section */

/* Begin PBXProject section */
		6370E9111AD4726F0053BE6D /* Project object */ = {
			isa = PBXProject;
			attributes = {
				LastUpgradeCheck = 0620;
				ORGANIZATIONNAME = cvrahimis;
				TargetAttributes = {
					6370E9181AD4726F0053BE6D = {
						CreatedOnToolsVersion = 6.2;
					};
					6370E9341AD4726F0053BE6D = {
						CreatedOnToolsVersion = 6.2;
						TestTargetID = 6370E9181AD4726F0053BE6D;
					};
				};
			};
			buildConfigurationList = 6370E9141AD4726F0053BE6D /* Build configuration list for PBXProject "iSoothe" */;
			compatibilityVersion = "Xcode 3.2";
			developmentRegion = English;
			hasScannedForEncodings = 0;
			knownRegions = (
				en,
				Base,
			);
			mainGroup = 6370E9101AD4726F0053BE6D;
			productRefGroup = 6370E91A1AD4726F0053BE6D /* Products */;
			projectDirPath = "";
			projectRoot = "";
			targets = (
				6370E9181AD4726F0053BE6D /* iSoothe */,
				6370E9341AD4726F0053BE6D /* iSootheTests */,
			);
		};
/* End PBXProject section */

/* Begin PBXResourcesBuildPhase section */
		6370E9171AD4726F0053BE6D /* Resources */ = {
			isa = PBXResourcesBuildPhase;
			buildActionMask = 2147483647;
			files = (
				6370E9BE1AD47BFF0053BE6D /* crunches2.jpg in Resources */,
				6370E9B51AD47BFF0053BE6D /* doubleMusicNote.png in Resources */,
				6370E9C71AD47BFF0053BE6D /* afternoon.jpg in Resources */,
				6370E9C01AD47BFF0053BE6D /* sideplank.jpg in Resources */,
				6370E9B61AD47BFF0053BE6D /* leglifts1.jpg in Resources */,
				6370E92B1AD4726F0053BE6D /* Main.storyboard in Resources */,
				6370E9C11AD47BFF0053BE6D /* fastforward.png in Resources */,
				6370E9B71AD47BFF0053BE6D /* backlifts3.jpg in Resources */,
				6370E9BC1AD47BFF0053BE6D /* leglifts3.jpg in Resources */,
				6370E9301AD4726F0053BE6D /* LaunchScreen.xib in Resources */,
				6370E9BD1AD47BFF0053BE6D /* crunches3.jpg in Resources */,
				6370E92D1AD4726F0053BE6D /* Images.xcassets in Resources */,
				6370E9C31AD47BFF0053BE6D /* play.png in Resources */,
				6370E9BB1AD47BFF0053BE6D /* backlifts2.jpg in Resources */,
				6370E9C41AD47BFF0053BE6D /* pause.png in Resources */,
				6370E9BF1AD47BFF0053BE6D /* crunches1.jpg in Resources */,
				6370E9C21AD47BFF0053BE6D /* thermometer.png in Resources */,
				6370E9C81AD47BFF0053BE6D /* evening.jpg in Resources */,
				6370E9B91AD47BFF0053BE6D /* plank.jpg in Resources */,
				6370E9B81AD47BFF0053BE6D /* leglifts2.jpg in Resources */,
				6370E9C51AD47BFF0053BE6D /* rewind.png in Resources */,
				6370E9C61AD47BFF0053BE6D /* morning.jpg in Resources */,
				6370E9BA1AD47BFF0053BE6D /* backlifts1.jpg in Resources */,
			);
			runOnlyForDeploymentPostprocessing = 0;
		};
		6370E9331AD4726F0053BE6D /* Resources */ = {
			isa = PBXResourcesBuildPhase;
			buildActionMask = 2147483647;
			files = (
			);
			runOnlyForDeploymentPostprocessing = 0;
		};
/* End PBXResourcesBuildPhase section */

/* Begin PBXSourcesBuildPhase section */
		6370E9151AD4726F0053BE6D /* Sources */ = {
			isa = PBXSourcesBuildPhase;
			buildActionMask = 2147483647;
			files = (
				6370E9771AD47A790053BE6D /* ExerciseViewController.m in Sources */,
				6370E9651AD479BF0053BE6D /* Reachability.m in Sources */,
				6370E95A1AD477110053BE6D /* Activities.m in Sources */,
				6370E94B1AD477110053BE6D /* Journal.m in Sources */,
				6370E96D1AD47A360053BE6D /* RatingViewController.m in Sources */,
				6370E9221AD4726F0053BE6D /* AppDelegate.m in Sources */,
				6370E99F1AD47BDA0053BE6D /* HomeViewController.m in Sources */,
				6370E9761AD47A790053BE6D /* ExerciseTableViewCell.m in Sources */,
				6370E9541AD477110053BE6D /* Therapist.m in Sources */,
				6370E9881AD47B1C0053BE6D /* MusicViewController.m in Sources */,
				6370E9571AD477110053BE6D /* Patient.m in Sources */,
				6370E9751AD47A790053BE6D /* ExerciseTableViewController.m in Sources */,
				6370E99B1AD47BA50053BE6D /* ReadingViewController.m in Sources */,
				6370E9901AD47B3F0053BE6D /* UIView+RNActivityView.m in Sources */,
				6370E98F1AD47B3F0053BE6D /* RNActivityView.m in Sources */,
				6370E95D1AD479730053BE6D /* UIView+Toast.m in Sources */,
				6370E9801AD47AAB0053BE6D /* OpenEntriesViewController.m in Sources */,
				6370E9811AD47AAB0053BE6D /* JournalViewController.m in Sources */,
				6370E9481AD477100053BE6D /* Exercises.m in Sources */,
				6370E9971AD47B670053BE6D /* DrawingViewController.m in Sources */,
				6370E94E1AD477110053BE6D /* ButtonActivations.m in Sources */,
				6370E9891AD47B1C0053BE6D /* MusicTableViewCell.m in Sources */,
				6370E9691AD479F30053BE6D /* BackEndComunicator.m in Sources */,
				6370E9611AD4799E0053BE6D /* LoginViewController.m in Sources */,
				6370E9251AD4726F0053BE6D /* iSoothe.xcdatamodeld in Sources */,
				6370E9511AD477110053BE6D /* Quotes.m in Sources */,
				6370E91F1AD4726F0053BE6D /* main.m in Sources */,
				6370E9821AD47AAB0053BE6D /* OpenEntriesTableViewCell.m in Sources */,
				6370E9961AD47B670053BE6D /* SettingsViewController.m in Sources */,
			);
			runOnlyForDeploymentPostprocessing = 0;
		};
		6370E9311AD4726F0053BE6D /* Sources */ = {
			isa = PBXSourcesBuildPhase;
			buildActionMask = 2147483647;
			files = (
				6370E93C1AD4726F0053BE6D /* iSootheTests.m in Sources */,
			);
			runOnlyForDeploymentPostprocessing = 0;
		};
/* End PBXSourcesBuildPhase section */

/* Begin PBXTargetDependency section */
		6370E9371AD4726F0053BE6D /* PBXTargetDependency */ = {
			isa = PBXTargetDependency;
			target = 6370E9181AD4726F0053BE6D /* iSoothe */;
			targetProxy = 6370E9361AD4726F0053BE6D /* PBXContainerItemProxy */;
		};
/* End PBXTargetDependency section */

/* Begin PBXVariantGroup section */
		6370E9291AD4726F0053BE6D /* Main.storyboard */ = {
			isa = PBXVariantGroup;
			children = (
				6370E92A1AD4726F0053BE6D /* Base */,
			);
			name = Main.storyboard;
			path = iSoothe;
			sourceTree = "<group>";
		};
		6370E92E1AD4726F0053BE6D /* LaunchScreen.xib */ = {
			isa = PBXVariantGroup;
			children = (
				6370E92F1AD4726F0053BE6D /* Base */,
			);
			name = LaunchScreen.xib;
			path = iSoothe;
			sourceTree = "<group>";
		};
/* End PBXVariantGroup section */

/* Begin XCBuildConfiguration section */
		6370E93D1AD4726F0053BE6D /* Debug */ = {
			isa = XCBuildConfiguration;
			buildSettings = {
				ALWAYS_SEARCH_USER_PATHS = NO;
				CLANG_CXX_LANGUAGE_STANDARD = "gnu++0x";
				CLANG_CXX_LIBRARY = "libc++";
				CLANG_ENABLE_MODULES = YES;
				CLANG_ENABLE_OBJC_ARC = YES;
				CLANG_WARN_BOOL_CONVERSION = YES;
				CLANG_WARN_CONSTANT_CONVERSION = YES;
				CLANG_WARN_DIRECT_OBJC_ISA_USAGE = YES_ERROR;
				CLANG_WARN_EMPTY_BODY = YES;
				CLANG_WARN_ENUM_CONVERSION = YES;
				CLANG_WARN_INT_CONVERSION = YES;
				CLANG_WARN_OBJC_ROOT_CLASS = YES_ERROR;
				CLANG_WARN_UNREACHABLE_CODE = YES;
				CLANG_WARN__DUPLICATE_METHOD_MATCH = YES;
				"CODE_SIGN_IDENTITY[sdk=iphoneos*]" = "iPhone Developer";
				COPY_PHASE_STRIP = NO;
				ENABLE_STRICT_OBJC_MSGSEND = YES;
				GCC_C_LANGUAGE_STANDARD = gnu99;
				GCC_DYNAMIC_NO_PIC = NO;
				GCC_OPTIMIZATION_LEVEL = 0;
				GCC_PREPROCESSOR_DEFINITIONS = (
					"DEBUG=1",
					"$(inherited)",
				);
				GCC_SYMBOLS_PRIVATE_EXTERN = NO;
				GCC_WARN_64_TO_32_BIT_CONVERSION = YES;
				GCC_WARN_ABOUT_RETURN_TYPE = YES_ERROR;
				GCC_WARN_UNDECLARED_SELECTOR = YES;
				GCC_WARN_UNINITIALIZED_AUTOS = YES_AGGRESSIVE;
				GCC_WARN_UNUSED_FUNCTION = YES;
				GCC_WARN_UNUSED_VARIABLE = YES;
				IPHONEOS_DEPLOYMENT_TARGET = 8.2;
				MTL_ENABLE_DEBUG_INFO = YES;
				ONLY_ACTIVE_ARCH = YES;
				SDKROOT = iphoneos;
			};
			name = Debug;
		};
		6370E93E1AD4726F0053BE6D /* Release */ = {
			isa = XCBuildConfiguration;
			buildSettings = {
				ALWAYS_SEARCH_USER_PATHS = NO;
				CLANG_CXX_LANGUAGE_STANDARD = "gnu++0x";
				CLANG_CXX_LIBRARY = "libc++";
				CLANG_ENABLE_MODULES = YES;
				CLANG_ENABLE_OBJC_ARC = YES;
				CLANG_WARN_BOOL_CONVERSION = YES;
				CLANG_WARN_CONSTANT_CONVERSION = YES;
				CLANG_WARN_DIRECT_OBJC_ISA_USAGE = YES_ERROR;
				CLANG_WARN_EMPTY_BODY = YES;
				CLANG_WARN_ENUM_CONVERSION = YES;
				CLANG_WARN_INT_CONVERSION = YES;
				CLANG_WARN_OBJC_ROOT_CLASS = YES_ERROR;
				CLANG_WARN_UNREACHABLE_CODE = YES;
				CLANG_WARN__DUPLICATE_METHOD_MATCH = YES;
				"CODE_SIGN_IDENTITY[sdk=iphoneos*]" = "iPhone Developer";
				COPY_PHASE_STRIP = NO;
				ENABLE_NS_ASSERTIONS = NO;
				ENABLE_STRICT_OBJC_MSGSEND = YES;
				GCC_C_LANGUAGE_STANDARD = gnu99;
				GCC_WARN_64_TO_32_BIT_CONVERSION = YES;
				GCC_WARN_ABOUT_RETURN_TYPE = YES_ERROR;
				GCC_WARN_UNDECLARED_SELECTOR = YES;
				GCC_WARN_UNINITIALIZED_AUTOS = YES_AGGRESSIVE;
				GCC_WARN_UNUSED_FUNCTION = YES;
				GCC_WARN_UNUSED_VARIABLE = YES;
				IPHONEOS_DEPLOYMENT_TARGET = 8.2;
				MTL_ENABLE_DEBUG_INFO = NO;
				SDKROOT = iphoneos;
				VALIDATE_PRODUCT = YES;
			};
			name = Release;
		};
		6370E9401AD4726F0053BE6D /* Debug */ = {
			isa = XCBuildConfiguration;
			buildSettings = {
				ASSETCATALOG_COMPILER_APPICON_NAME = AppIcon;
				INFOPLIST_FILE = iSoothe/Info.plist;
				IPHONEOS_DEPLOYMENT_TARGET = 8.0;
				LD_RUNPATH_SEARCH_PATHS = "$(inherited) @executable_path/Frameworks";
				PRODUCT_NAME = "$(TARGET_NAME)";
			};
			name = Debug;
		};
		6370E9411AD4726F0053BE6D /* Release */ = {
			isa = XCBuildConfiguration;
			buildSettings = {
				ASSETCATALOG_COMPILER_APPICON_NAME = AppIcon;
				INFOPLIST_FILE = iSoothe/Info.plist;
				IPHONEOS_DEPLOYMENT_TARGET = 8.0;
				LD_RUNPATH_SEARCH_PATHS = "$(inherited) @executable_path/Frameworks";
				PRODUCT_NAME = "$(TARGET_NAME)";
			};
			name = Release;
		};
		6370E9431AD4726F0053BE6D /* Debug */ = {
			isa = XCBuildConfiguration;
			buildSettings = {
				BUNDLE_LOADER = "$(TEST_HOST)";
				FRAMEWORK_SEARCH_PATHS = (
					"$(SDKROOT)/Developer/Library/Frameworks",
					"$(inherited)",
				);
				GCC_PREPROCESSOR_DEFINITIONS = (
					"DEBUG=1",
					"$(inherited)",
				);
				INFOPLIST_FILE = iSootheTests/Info.plist;
				LD_RUNPATH_SEARCH_PATHS = "$(inherited) @executable_path/Frameworks @loader_path/Frameworks";
				PRODUCT_NAME = "$(TARGET_NAME)";
				TEST_HOST = "$(BUILT_PRODUCTS_DIR)/iSoothe.app/iSoothe";
			};
			name = Debug;
		};
		6370E9441AD4726F0053BE6D /* Release */ = {
			isa = XCBuildConfiguration;
			buildSettings = {
				BUNDLE_LOADER = "$(TEST_HOST)";
				FRAMEWORK_SEARCH_PATHS = (
					"$(SDKROOT)/Developer/Library/Frameworks",
					"$(inherited)",
				);
				INFOPLIST_FILE = iSootheTests/Info.plist;
				LD_RUNPATH_SEARCH_PATHS = "$(inherited) @executable_path/Frameworks @loader_path/Frameworks";
				PRODUCT_NAME = "$(TARGET_NAME)";
				TEST_HOST = "$(BUILT_PRODUCTS_DIR)/iSoothe.app/iSoothe";
			};
			name = Release;
		};
/* End XCBuildConfiguration section */

/* Begin XCConfigurationList section */
		6370E9141AD4726F0053BE6D /* Build configuration list for PBXProject "iSoothe" */ = {
			isa = XCConfigurationList;
			buildConfigurations = (
				6370E93D1AD4726F0053BE6D /* Debug */,
				6370E93E1AD4726F0053BE6D /* Release */,
			);
			defaultConfigurationIsVisible = 0;
			defaultConfigurationName = Release;
		};
		6370E93F1AD4726F0053BE6D /* Build configuration list for PBXNativeTarget "iSoothe" */ = {
			isa = XCConfigurationList;
			buildConfigurations = (
				6370E9401AD4726F0053BE6D /* Debug */,
				6370E9411AD4726F0053BE6D /* Release */,
			);
			defaultConfigurationIsVisible = 0;
			defaultConfigurationName = Release;
		};
		6370E9421AD4726F0053BE6D /* Build configuration list for PBXNativeTarget "iSootheTests" */ = {
			isa = XCConfigurationList;
			buildConfigurations = (
				6370E9431AD4726F0053BE6D /* Debug */,
				6370E9441AD4726F0053BE6D /* Release */,
			);
			defaultConfigurationIsVisible = 0;
			defaultConfigurationName = Release;
		};
/* End XCConfigurationList section */

/* Begin XCVersionGroup section */
		6370E9231AD4726F0053BE6D /* iSoothe.xcdatamodeld */ = {
			isa = XCVersionGroup;
			children = (
				6370E9241AD4726F0053BE6D /* iSoothe.xcdatamodel */,
			);
			currentVersion = 6370E9241AD4726F0053BE6D /* iSoothe.xcdatamodel */;
			name = iSoothe.xcdatamodeld;
			path = iSoothe/iSoothe.xcdatamodeld;
			sourceTree = "<group>";
			versionGroupType = wrapper.xcdatamodel;
		};
/* End XCVersionGroup section */
	};
	rootObject = 6370E9111AD4726F0053BE6D /* Project object */;
}
